
Microsoft Visual Studio Solution File, Format Version 12.00
# Visual Studio Version 16
VisualStudioVersion = 16.0.32901.82
MinimumVisualStudioVersion = 10.0.40219.1
Project("{8BC9CEB8-8B4A-11D0-8D11-00A0C91BC942}") = "HomeWork2", "HomeWork2.vcxproj", "{538551E5-D7FB-4435-B8FF-EEDA22A1580E}"
EndProject
Global
	GlobalSection(SolutionConfigurationPlatforms) = preSolution
		Debug|x64 = Debug|x64
		Debug|x86 = Debug|x86
		Release|x64 = Release|x64
		Release|x86 = Release|x86
	EndGlobalSection
	GlobalSection(ProjectConfigurationPlatforms) = postSolution
		{538551E5-D7FB-4435-B8FF-EEDA22A1580E}.Debug|x64.ActiveCfg = Debug|x64
		{538551E5-D7FB-4435-B8FF-EEDA22A1580E}.Debug|x64.Build.0 = Debug|x64
		{538551E5-D7FB-4435-B8FF-EEDA22A1580E}.Debug|x86.ActiveCfg = Debug|Win32
		{538551E5-D7FB-4435-B8FF-EEDA22A1580E}.Debug|x86.Build.0 = Debug|Win32
		{538551E5-D7FB-4435-B8FF-EEDA22A1580E}.Release|x64.ActiveCfg = Release|x64
		{538551E5-D7FB-4435-B8FF-EEDA22A1580E}.Release|x64.Build.0 = Release|x64
		{538551E5-D7FB-4435-B8FF-EEDA22A1580E}.Release|x86.ActiveCfg = Release|Win32
		{538551E5-D7FB-4435-B8FF-EEDA22A1580E}.Release|x86.Build.0 = Release|Win32
	EndGlobalSection
	GlobalSection(SolutionProperties) = preSolution
		HideSolutionNode = FALSE
	EndGlobalSection
	GlobalSection(ExtensibilityGlobals) = postSolution
		SolutionGuid = {632B5F2A-7C1F-4A07-9E94-7CCB8BFA94E4}
	EndGlobalSection
EndGlobal
